
Microsoft Visual Studio Solution File, Format Version 12.00
# Visual Studio Version 17
VisualStudioVersion = 17.5.33530.505
MinimumVisualStudioVersion = 10.0.40219.1
Project("{FAE04EC0-301F-11D3-BF4B-00C04F79EFBC}") = "VotePlease", "VotePlease\VotePlease.csproj", "{6579B178-8ABA-4063-B8B8-D8D0CC369E09}"
EndProject
Global
	GlobalSection(SolutionConfigurationPlatforms) = preSolution
		Debug|Any CPU = Debug|Any CPU
		Release|Any CPU = Release|Any CPU
	EndGlobalSection
	GlobalSection(ProjectConfigurationPlatforms) = postSolution
		{6579B178-8ABA-4063-B8B8-D8D0CC369E09}.Debug|Any CPU.ActiveCfg = Debug|Any CPU
		{6579B178-8ABA-4063-B8B8-D8D0CC369E09}.Debug|Any CPU.Build.0 = Debug|Any CPU
		{6579B178-8ABA-4063-B8B8-D8D0CC369E09}.Release|Any CPU.ActiveCfg = Release|Any CPU
		{6579B178-8ABA-4063-B8B8-D8D0CC369E09}.Release|Any CPU.Build.0 = Release|Any CPU
	EndGlobalSection
	GlobalSection(SolutionProperties) = preSolution
		HideSolutionNode = FALSE
	EndGlobalSection
	GlobalSection(ExtensibilityGlobals) = postSolution
		SolutionGuid = {A6CB178B-3601-42BE-8DD0-F3C305BEF1A5}
	EndGlobalSection
EndGlobal
